
Microsoft Visual Studio Solution File, Format Version 12.00
# Visual Studio Version 17
VisualStudioVersion = 17.6.33815.320
MinimumVisualStudioVersion = 10.0.40219.1
Project("{FAE04EC0-301F-11D3-BF4B-00C04F79EFBC}") = "Inventory", "Inventory\Inventory.csproj", "{2C886F56-4995-490B-83A4-8157122E675A}"
EndProject
Global
	GlobalSection(SolutionConfigurationPlatforms) = preSolution
		Debug|Any CPU = Debug|Any CPU
		Release|Any CPU = Release|Any CPU
	EndGlobalSection
	GlobalSection(ProjectConfigurationPlatforms) = postSolution
		{2C886F56-4995-490B-83A4-8157122E675A}.Debug|Any CPU.ActiveCfg = Debug|Any CPU
		{2C886F56-4995-490B-83A4-8157122E675A}.Debug|Any CPU.Build.0 = Debug|Any CPU
		{2C886F56-4995-490B-83A4-8157122E675A}.Release|Any CPU.ActiveCfg = Release|Any CPU
		{2C886F56-4995-490B-83A4-8157122E675A}.Release|Any CPU.Build.0 = Release|Any CPU
	EndGlobalSection
	GlobalSection(SolutionProperties) = preSolution
		HideSolutionNode = FALSE
	EndGlobalSection
	GlobalSection(ExtensibilityGlobals) = postSolution
		SolutionGuid = {DADD7DE1-7909-4058-8A04-96BAF170035C}
	EndGlobalSection
EndGlobal
